// !$*UTF8*$!
{
	archiveVersion = 1;
	classes = {
	};
	objectVersion = 55;
	objects = {

/* Begin PBXBuildFile section */
		72BEB78827C3F6DB00F35E47 /* xxxORDLEApp.swift in Sources */ = {isa = PBXBuildFile; fileRef = 72BEB78727C3F6DB00F35E47 /* xxxORDLEApp.swift */; };
		72BEB78A27C3F6DB00F35E47 /* ContentView.swift in Sources */ = {isa = PBXBuildFile; fileRef = 72BEB78927C3F6DB00F35E47 /* ContentView.swift */; };
		72BEB78C27C3F6DC00F35E47 /* Assets.xcassets in Resources */ = {isa = PBXBuildFile; fileRef = 72BEB78B27C3F6DC00F35E47 /* Assets.xcassets */; };
		72BEB78F27C3F6DC00F35E47 /* Preview Assets.xcassets in Resources */ = {isa = PBXBuildFile; fileRef = 72BEB78E27C3F6DC00F35E47 /* Preview Assets.xcassets */; };
		72BEB79127C3F6DC00F35E47 /* Persistence.swift in Sources */ = {isa = PBXBuildFile; fileRef = 72BEB79027C3F6DC00F35E47 /* Persistence.swift */; };
		72BEB79427C3F6DC00F35E47 /* xxxORDLE.xcdatamodeld in Sources */ = {isa = PBXBuildFile; fileRef = 72BEB79227C3F6DC00F35E47 /* xxxORDLE.xcdatamodeld */; };
/* End PBXBuildFile section */

/* Begin PBXFileReference section */
		72BEB78427C3F6DB00F35E47 /* xxxORDLE.app */ = {isa = PBXFileReference; explicitFileType = wrapper.application; includeInIndex = 0; path = xxxORDLE.app; sourceTree = BUILT_PRODUCTS_DIR; };
		72BEB78727C3F6DB00F35E47 /* xxxORDLEApp.swift */ = {isa = PBXFileReference; lastKnownFileType = sourcecode.swift; path = xxxORDLEApp.swift; sourceTree = "<group>"; };
		72BEB78927C3F6DB00F35E47 /* ContentView.swift */ = {isa = PBXFileReference; lastKnownFileType = sourcecode.swift; path = ContentView.swift; sourceTree = "<group>"; };
		72BEB78B27C3F6DC00F35E47 /* Assets.xcassets */ = {isa = PBXFileReference; lastKnownFileType = folder.assetcatalog; path = Assets.xcassets; sourceTree = "<group>"; };
		72BEB78E27C3F6DC00F35E47 /* Preview Assets.xcassets */ = {isa = PBXFileReference; lastKnownFileType = folder.assetcatalog; path = "Preview Assets.xcassets"; sourceTree = "<group>"; };
		72BEB79027C3F6DC00F35E47 /* Persistence.swift */ = {isa = PBXFileReference; lastKnownFileType = sourcecode.swift; path = Persistence.swift; sourceTree = "<group>"; };
		72BEB79327C3F6DC00F35E47 /* xxxORDLE.xcdatamodel */ = {isa = PBXFileReference; lastKnownFileType = wrapper.xcdatamodel; path = xxxORDLE.xcdatamodel; sourceTree = "<group>"; };
/* End PBXFileReference section */

/* Begin PBXFrameworksBuildPhase section */
		72BEB78127C3F6DB00F35E47 /* Frameworks */ = {
			isa = PBXFrameworksBuildPhase;
			buildActionMask = 2147483647;
			files = (
			);
			runOnlyForDeploymentPostprocessing = 0;
		};
/* End PBXFrameworksBuildPhase section */

/* Begin PBXGroup section */
		72BEB77B27C3F6DB00F35E47 = {
			isa = PBXGroup;
			children = (
				72BEB78627C3F6DB00F35E47 /* xxxORDLE */,
				72BEB78527C3F6DB00F35E47 /* Products */,
			);
			sourceTree = "<group>";
		};
		72BEB78527C3F6DB00F35E47 /* Products */ = {
			isa = PBXGroup;
			children = (
				72BEB78427C3F6DB00F35E47 /* xxxORDLE.app */,
			);
			name = Products;
			sourceTree = "<group>";
		};
		72BEB78627C3F6DB00F35E47 /* xxxORDLE */ = {
			isa = PBXGroup;
			children = (
				72BEB78727C3F6DB00F35E47 /* xxxORDLEApp.swift */,
				72BEB78927C3F6DB00F35E47 /* ContentView.swift */,
				72BEB78B27C3F6DC00F35E47 /* Assets.xcassets */,
				72BEB79027C3F6DC00F35E47 /* Persistence.swift */,
				72BEB79227C3F6DC00F35E47 /* xxxORDLE.xcdatamodeld */,
				72BEB78D27C3F6DC00F35E47 /* Preview Content */,
			);
			path = xxxORDLE;
			sourceTree = "<group>";
		};
		72BEB78D27C3F6DC00F35E47 /* Preview Content */ = {
			isa = PBXGroup;
			children = (
				72BEB78E27C3F6DC00F35E47 /* Preview Assets.xcassets */,
			);
			path = "Preview Content";
			sourceTree = "<group>";
		};
/* End PBXGroup section */

/* Begin PBXNativeTarget section */
		72BEB78327C3F6DB00F35E47 /* xxxORDLE */ = {
			isa = PBXNativeTarget;
			buildConfigurationList = 72BEB79727C3F6DC00F35E47 /* Build configuration list for PBXNativeTarget "xxxORDLE" */;
			buildPhases = (
				72BEB78027C3F6DB00F35E47 /* Sources */,
				72BEB78127C3F6DB00F35E47 /* Frameworks */,
				72BEB78227C3F6DB00F35E47 /* Resources */,
			);
			buildRules = (
			);
			dependencies = (
			);
			name = xxxORDLE;
			productName = xxxORDLE;
			productReference = 72BEB78427C3F6DB00F35E47 /* xxxORDLE.app */;
			productType = "com.apple.product-type.application";
		};
/* End PBXNativeTarget section */

/* Begin PBXProject section */
		72BEB77C27C3F6DB00F35E47 /* Project object */ = {
			isa = PBXProject;
			attributes = {
				BuildIndependentTargetsInParallel = 1;
				LastSwiftUpdateCheck = 1320;
				LastUpgradeCheck = 1320;
				TargetAttributes = {
					72BEB78327C3F6DB00F35E47 = {
						CreatedOnToolsVersion = 13.2.1;
					};
				};
			};
			buildConfigurationList = 72BEB77F27C3F6DB00F35E47 /* Build configuration list for PBXProject "xxxORDLE" */;
			compatibilityVersion = "Xcode 13.0";
			developmentRegion = en;
			hasScannedForEncodings = 0;
			knownRegions = (
				en,
				Base,
			);
			mainGroup = 72BEB77B27C3F6DB00F35E47;
			productRefGroup = 72BEB78527C3F6DB00F35E47 /* Products */;
			projectDirPath = "";
			projectRoot = "";
			targets = (
				72BEB78327C3F6DB00F35E47 /* xxxORDLE */,
			);
		};
/* End PBXProject section */

/* Begin PBXResourcesBuildPhase section */
		72BEB78227C3F6DB00F35E47 /* Resources */ = {
			isa = PBXResourcesBuildPhase;
			buildActionMask = 2147483647;
			files = (
				72BEB78F27C3F6DC00F35E47 /* Preview Assets.xcassets in Resources */,
				72BEB78C27C3F6DC00F35E47 /* Assets.xcassets in Resources */,
			);
			runOnlyForDeploymentPostprocessing = 0;
		};
/* End PBXResourcesBuildPhase section */

/* Begin PBXSourcesBuildPhase section */
		72BEB78027C3F6DB00F35E47 /* Sources */ = {
			isa = PBXSourcesBuildPhase;
			buildActionMask = 2147483647;
			files = (
				72BEB79127C3F6DC00F35E47 /* Persistence.swift in Sources */,
				72BEB78A27C3F6DB00F35E47 /* ContentView.swift in Sources */,
				72BEB78827C3F6DB00F35E47 /* xxxORDLEApp.swift in Sources */,
				72BEB79427C3F6DC00F35E47 /* xxxORDLE.xcdatamodeld in Sources */,
			);
			runOnlyForDeploymentPostprocessing = 0;
		};
/* End PBXSourcesBuildPhase section */

/* Begin XCBuildConfiguration section */
		72BEB79527C3F6DC00F35E47 /* Debug */ = {
			isa = XCBuildConfiguration;
			buildSettings = {
				ALWAYS_SEARCH_USER_PATHS = NO;
				CLANG_ANALYZER_NONNULL = YES;
				CLANG_ANALYZER_NUMBER_OBJECT_CONVERSION = YES_AGGRESSIVE;
				CLANG_CXX_LANGUAGE_STANDARD = "gnu++17";
				CLANG_CXX_LIBRARY = "libc++";
				CLANG_ENABLE_MODULES = YES;
				CLANG_ENABLE_OBJC_ARC = YES;
				CLANG_ENABLE_OBJC_WEAK = YES;
				CLANG_WARN_BLOCK_CAPTURE_AUTORELEASING = YES;
				CLANG_WARN_BOOL_CONVERSION = YES;
				CLANG_WARN_COMMA = YES;
				CLANG_WARN_CONSTANT_CONVERSION = YES;
				CLANG_WARN_DEPRECATED_OBJC_IMPLEMENTATIONS = YES;
				CLANG_WARN_DIRECT_OBJC_ISA_USAGE = YES_ERROR;
				CLANG_WARN_DOCUMENTATION_COMMENTS = YES;
				CLANG_WARN_EMPTY_BODY = YES;
				CLANG_WARN_ENUM_CONVERSION = YES;
				CLANG_WARN_INFINITE_RECURSION = YES;
				CLANG_WARN_INT_CONVERSION = YES;
				CLANG_WARN_NON_LITERAL_NULL_CONVERSION = YES;
				CLANG_WARN_OBJC_IMPLICIT_RETAIN_SELF = YES;
				CLANG_WARN_OBJC_LITERAL_CONVERSION = YES;
				CLANG_WARN_OBJC_ROOT_CLASS = YES_ERROR;
				CLANG_WARN_QUOTED_INCLUDE_IN_FRAMEWORK_HEADER = YES;
				CLANG_WARN_RANGE_LOOP_ANALYSIS = YES;
				CLANG_WARN_STRICT_PROTOTYPES = YES;
				CLANG_WARN_SUSPICIOUS_MOVE = YES;
				CLANG_WARN_UNGUARDED_AVAILABILITY = YES_AGGRESSIVE;
				CLANG_WARN_UNREACHABLE_CODE = YES;
				CLANG_WARN__DUPLICATE_METHOD_MATCH = YES;
				COPY_PHASE_STRIP = NO;
				DEBUG_INFORMATION_FORMAT = dwarf;
				ENABLE_STRICT_OBJC_MSGSEND = YES;
				ENABLE_TESTABILITY = YES;
				GCC_C_LANGUAGE_STANDARD = gnu11;
				GCC_DYNAMIC_NO_PIC = NO;
				GCC_NO_COMMON_BLOCKS = YES;
				GCC_OPTIMIZATION_LEVEL = 0;
				GCC_PREPROCESSOR_DEFINITIONS = (
					"DEBUG=1",
					"$(inherited)",
				);
				GCC_WARN_64_TO_32_BIT_CONVERSION = YES;
				GCC_WARN_ABOUT_RETURN_TYPE = YES_ERROR;
				GCC_WARN_UNDECLARED_SELECTOR = YES;
				GCC_WARN_UNINITIALIZED_AUTOS = YES_AGGRESSIVE;
				GCC_WARN_UNUSED_FUNCTION = YES;
				GCC_WARN_UNUSED_VARIABLE = YES;
				IPHONEOS_DEPLOYMENT_TARGET = 15.2;
				MTL_ENABLE_DEBUG_INFO = INCLUDE_SOURCE;
				MTL_FAST_MATH = YES;
				ONLY_ACTIVE_ARCH = YES;
				SDKROOT = iphoneos;
				SWIFT_ACTIVE_COMPILATION_CONDITIONS = DEBUG;
				SWIFT_OPTIMIZATION_LEVEL = "-Onone";
			};
			name = Debug;
		};
		72BEB79627C3F6DC00F35E47 /* Release */ = {
			isa = XCBuildConfiguration;
			buildSettings = {
				ALWAYS_SEARCH_USER_PATHS = NO;
				CLANG_ANALYZER_NONNULL = YES;
				CLANG_ANALYZER_NUMBER_OBJECT_CONVERSION = YES_AGGRESSIVE;
				CLANG_CXX_LANGUAGE_STANDARD = "gnu++17";
				CLANG_CXX_LIBRARY = "libc++";
				CLANG_ENABLE_MODULES = YES;
				CLANG_ENABLE_OBJC_ARC = YES;
				CLANG_ENABLE_OBJC_WEAK = YES;
				CLANG_WARN_BLOCK_CAPTURE_AUTORELEASING = YES;
				CLANG_WARN_BOOL_CONVERSION = YES;
				CLANG_WARN_COMMA = YES;
				CLANG_WARN_CONSTANT_CONVERSION = YES;
				CLANG_WARN_DEPRECATED_OBJC_IMPLEMENTATIONS = YES;
				CLANG_WARN_DIRECT_OBJC_ISA_USAGE = YES_ERROR;
				CLANG_WARN_DOCUMENTATION_COMMENTS = YES;
				CLANG_WARN_EMPTY_BODY = YES;
				CLANG_WARN_ENUM_CONVERSION = YES;
				CLANG_WARN_INFINITE_RECURSION = YES;
				CLANG_WARN_INT_CONVERSION = YES;
				CLANG_WARN_NON_LITERAL_NULL_CONVERSION = YES;
				CLANG_WARN_OBJC_IMPLICIT_RETAIN_SELF = YES;
				CLANG_WARN_OBJC_LITERAL_CONVERSION = YES;
				CLANG_WARN_OBJC_ROOT_CLASS = YES_ERROR;
				CLANG_WARN_QUOTED_INCLUDE_IN_FRAMEWORK_HEADER = YES;
				CLANG_WARN_RANGE_LOOP_ANALYSIS = YES;
				CLANG_WARN_STRICT_PROTOTYPES = YES;
				CLANG_WARN_SUSPICIOUS_MOVE = YES;
				CLANG_WARN_UNGUARDED_AVAILABILITY = YES_AGGRESSIVE;
				CLANG_WARN_UNREACHABLE_CODE = YES;
				CLANG_WARN__DUPLICATE_METHOD_MATCH = YES;
				COPY_PHASE_STRIP = NO;
				DEBUG_INFORMATION_FORMAT = "dwarf-with-dsym";
				ENABLE_NS_ASSERTIONS = NO;
				ENABLE_STRICT_OBJC_MSGSEND = YES;
				GCC_C_LANGUAGE_STANDARD = gnu11;
				GCC_NO_COMMON_BLOCKS = YES;
				GCC_WARN_64_TO_32_BIT_CONVERSION = YES;
				GCC_WARN_ABOUT_RETURN_TYPE = YES_ERROR;
				GCC_WARN_UNDECLARED_SELECTOR = YES;
				GCC_WARN_UNINITIALIZED_AUTOS = YES_AGGRESSIVE;
				GCC_WARN_UNUSED_FUNCTION = YES;
				GCC_WARN_UNUSED_VARIABLE = YES;
				IPHONEOS_DEPLOYMENT_TARGET = 15.2;
				MTL_ENABLE_DEBUG_INFO = NO;
				MTL_FAST_MATH = YES;
				SDKROOT = iphoneos;
				SWIFT_COMPILATION_MODE = wholemodule;
				SWIFT_OPTIMIZATION_LEVEL = "-O";
				VALIDATE_PRODUCT = YES;
			};
			name = Release;
		};
		72BEB79827C3F6DC00F35E47 /* Debug */ = {
			isa = XCBuildConfiguration;
			buildSettings = {
				ASSETCATALOG_COMPILER_APPICON_NAME = AppIcon;
				ASSETCATALOG_COMPILER_GLOBAL_ACCENT_COLOR_NAME = AccentColor;
				CODE_SIGN_STYLE = Automatic;
				CURRENT_PROJECT_VERSION = 1;
				DEVELOPMENT_ASSET_PATHS = "\"xxxORDLE/Preview Content\"";
				DEVELOPMENT_TEAM = F4N9S3G5SA;
				ENABLE_PREVIEWS = YES;
				GENERATE_INFOPLIST_FILE = YES;
				INFOPLIST_KEY_UIApplicationSceneManifest_Generation = YES;
				INFOPLIST_KEY_UIApplicationSupportsIndirectInputEvents = YES;
				INFOPLIST_KEY_UILaunchScreen_Generation = YES;
				INFOPLIST_KEY_UISupportedInterfaceOrientations_iPad = "UIInterfaceOrientationPortrait UIInterfaceOrientationPortraitUpsideDown UIInterfaceOrientationLandscapeLeft UIInterfaceOrientationLandscapeRight";
				INFOPLIST_KEY_UISupportedInterfaceOrientations_iPhone = "UIInterfaceOrientationPortrait UIInterfaceOrientationLandscapeLeft UIInterfaceOrientationLandscapeRight";
				LD_RUNPATH_SEARCH_PATHS = (
					"$(inherited)",
					"@executable_path/Frameworks",
				);
				MARKETING_VERSION = 1.0;
				PRODUCT_BUNDLE_IDENTIFIER = mycompany.xxxORDLE;
				PRODUCT_NAME = "$(TARGET_NAME)";
				SWIFT_EMIT_LOC_STRINGS = YES;
				SWIFT_VERSION = 5.0;
				TARGETED_DEVICE_FAMILY = "1,2";
			};
			name = Debug;
		};
		72BEB79927C3F6DC00F35E47 /* Release */ = {
			isa = XCBuildConfiguration;
			buildSettings = {
				ASSETCATALOG_COMPILER_APPICON_NAME = AppIcon;
				ASSETCATALOG_COMPILER_GLOBAL_ACCENT_COLOR_NAME = AccentColor;
				CODE_SIGN_STYLE = Automatic;
				CURRENT_PROJECT_VERSION = 1;
				DEVELOPMENT_ASSET_PATHS = "\"xxxORDLE/Preview Content\"";
				DEVELOPMENT_TEAM = F4N9S3G5SA;
				ENABLE_PREVIEWS = YES;
				GENERATE_INFOPLIST_FILE = YES;
				INFOPLIST_KEY_UIApplicationSceneManifest_Generation = YES;
				INFOPLIST_KEY_UIApplicationSupportsIndirectInputEvents = YES;
				INFOPLIST_KEY_UILaunchScreen_Generation = YES;
				INFOPLIST_KEY_UISupportedInterfaceOrientations_iPad = "UIInterfaceOrientationPortrait UIInterfaceOrientationPortraitUpsideDown UIInterfaceOrientationLandscapeLeft UIInterfaceOrientationLandscapeRight";
				INFOPLIST_KEY_UISupportedInterfaceOrientations_iPhone = "UIInterfaceOrientationPortrait UIInterfaceOrientationLandscapeLeft UIInterfaceOrientationLandscapeRight";
				LD_RUNPATH_SEARCH_PATHS = (
					"$(inherited)",
					"@executable_path/Frameworks",
				);
				MARKETING_VERSION = 1.0;
				PRODUCT_BUNDLE_IDENTIFIER = mycompany.xxxORDLE;
				PRODUCT_NAME = "$(TARGET_NAME)";
				SWIFT_EMIT_LOC_STRINGS = YES;
				SWIFT_VERSION = 5.0;
				TARGETED_DEVICE_FAMILY = "1,2";
			};
			name = Release;
		};
/* End XCBuildConfiguration section */

/* Begin XCConfigurationList section */
		72BEB77F27C3F6DB00F35E47 /* Build configuration list for PBXProject "xxxORDLE" */ = {
			isa = XCConfigurationList;
			buildConfigurations = (
				72BEB79527C3F6DC00F35E47 /* Debug */,
				72BEB79627C3F6DC00F35E47 /* Release */,
			);
			defaultConfigurationIsVisible = 0;
			defaultConfigurationName = Release;
		};
		72BEB79727C3F6DC00F35E47 /* Build configuration list for PBXNativeTarget "xxxORDLE" */ = {
			isa = XCConfigurationList;
			buildConfigurations = (
				72BEB79827C3F6DC00F35E47 /* Debug */,
				72BEB79927C3F6DC00F35E47 /* Release */,
			);
			defaultConfigurationIsVisible = 0;
			defaultConfigurationName = Release;
		};
/* End XCConfigurationList section */

/* Begin XCVersionGroup section */
		72BEB79227C3F6DC00F35E47 /* xxxORDLE.xcdatamodeld */ = {
			isa = XCVersionGroup;
			children = (
				72BEB79327C3F6DC00F35E47 /* xxxORDLE.xcdatamodel */,
			);
			currentVersion = 72BEB79327C3F6DC00F35E47 /* xxxORDLE.xcdatamodel */;
			path = xxxORDLE.xcdatamodeld;
			sourceTree = "<group>";
			versionGroupType = wrapper.xcdatamodel;
		};
/* End XCVersionGroup section */
	};
	rootObject = 72BEB77C27C3F6DB00F35E47 /* Project object */;
}
